lockfileVersion: '9.0'

settings:
  autoInstallPeers: true
  excludeLinksFromLockfile: false

overrides:
  '@breaka/core': workspace:*
  godot-sqlite-kysely: workspace:*

importers:

  .:
    dependencies:
      godot-fetch:
        specifier: file:..
        version: file:..(kysely@0.28.12)
      kysely:
        specifier: ^0.28.8
        version: 0.28.12
    devDependencies:
      '@typescript/native-preview':
        specifier: 7.0.0-dev.20260312.1
        version: 7.0.0-dev.20260312.1
      typescript:
        specifier: ^5.9.3
        version: 5.9.3
      wpt-compliance:
        specifier: ^1.0.3
        version: 1.0.3

packages:

  '@typescript/native-preview-darwin-arm64@7.0.0-dev.20260312.1':
    resolution: {integrity: sha512-AhPdPuVe4osxWoeImS21jVhc0VJ2QnzLUZtEFMakY0Rf70C0b6il/m7hwRf9wkr9xXZLVOVJ1kYrpvQRuHFE0Q==}
    cpu: [arm64]
    os: [darwin]

  '@typescript/native-preview-darwin-x64@7.0.0-dev.20260312.1':
    resolution: {integrity: sha512-9I0P1/c/mQ6UVcQq7SYY/FJD23IN5T2y4GbSFOKQvzNVASV0tMnX4YV8YNf6b5jcwCzrVcrGNKKgWCj8xEFf8Q==}
    cpu: [x64]
    os: [darwin]

  '@typescript/native-preview-linux-arm64@7.0.0-dev.20260312.1':
    resolution: {integrity: sha512-xwoMywagcvx9F2ocM+ybeg7eH9PHDpx1FBGOrloL1/xkGC4BCrn/RcaAe0AhzXzoJfHHmg7Sz9VzYmTR4N1Kqw==}
    cpu: [arm64]
    os: [linux]

  '@typescript/native-preview-linux-arm@7.0.0-dev.20260312.1':
    resolution: {integrity: sha512-/nAOhSLTxMJfHY+2cKdUxi2wYadf3g1GtC3VzgPfZMNxA28dJ8x75T26aSLaFYluh7cCSAwuGesCImijQDS2Lw==}
    cpu: [arm]
    os: [linux]

  '@typescript/native-preview-linux-x64@7.0.0-dev.20260312.1':
    resolution: {integrity: sha512-vZs0LLpZw50Ac0TCmF9ND7KphJBhOfp9fxLhC+hFWaUU1iCQRjv1MtvroitF5OJKb21qFPJxkU+kfhlCRxLfqg==}
    cpu: [x64]
    os: [linux]

  '@typescript/native-preview-win32-arm64@7.0.0-dev.20260312.1':
    resolution: {integrity: sha512-4LY/gd9cj1xDY2nEthB7WDW4j/fIYJ9wp9H71nOLd0wNNtkfqRXWSkQEeb+RByhV+dIb/n6kWbQQMeNfk7q4VQ==}
    cpu: [arm64]
    os: [win32]

  '@typescript/native-preview-win32-x64@7.0.0-dev.20260312.1':
    resolution: {integrity: sha512-EP2JPo9s9EPUwXSX83qTImlDHhgkLeBbJ2MMdj+XrfBltHAvHKktzeSS73UhP77s/TnTkJR6BTWHENKKvLRbGQ==}
    cpu: [x64]
    os: [win32]

  '@typescript/native-preview@7.0.0-dev.20260312.1':
    resolution: {integrity: sha512-FwhlXG/yG0d7b2UmooBYyszLMpICRYdYGE6v65ZlMnH7cWKQyyFpMFgH9suRf3Np4QCbN+7qisj+F23kQOidVw==}
    hasBin: true

  godot-fetch@file:..:
    resolution: {directory: .., type: directory}
    peerDependencies:
      kysely: '>=0.26.0'

  kysely@0.28.12:
    resolution: {integrity: sha512-kWiueDWXhbCchgiotwXkwdxZE/6h56IHAeFWg4euUfW0YsmO9sxbAxzx1KLLv2lox15EfuuxHQvgJ1qIfZuHGw==}
    engines: {node: '>=20.0.0'}

  typescript@5.9.3:
    resolution: {integrity: sha512-jl1vZzPDinLr9eUt3J/t7V6FgNEw9QjvBPdysz9KfQDD41fQrC2Y4vKQdiaUpFT4bXlb1RHhLpp8wtm6M5TgSw==}
    engines: {node: '>=14.17'}
    hasBin: true

  wpt-compliance@1.0.3:
    resolution: {integrity: sha512-H6yb03R2aRtrhUW/tmfSzBduapdLv9vBqeo1HlaSj/BMJ8gV9YJSDaNxjHJBoIxiT3DN73qHhbfBAPFLpl2iTA==}
    engines: {node: '>=18.0.0'}
    hasBin: true

snapshots:

  '@typescript/native-preview-darwin-arm64@7.0.0-dev.20260312.1':
    optional: true

  '@typescript/native-preview-darwin-x64@7.0.0-dev.20260312.1':
    optional: true

  '@typescript/native-preview-linux-arm64@7.0.0-dev.20260312.1':
    optional: true

  '@typescript/native-preview-linux-arm@7.0.0-dev.20260312.1':
    optional: true

  '@typescript/native-preview-linux-x64@7.0.0-dev.20260312.1':
    optional: true

  '@typescript/native-preview-win32-arm64@7.0.0-dev.20260312.1':
    optional: true

  '@typescript/native-preview-win32-x64@7.0.0-dev.20260312.1':
    optional: true

  '@typescript/native-preview@7.0.0-dev.20260312.1':
    optionalDependencies:
      '@typescript/native-preview-darwin-arm64': 7.0.0-dev.20260312.1
      '@typescript/native-preview-darwin-x64': 7.0.0-dev.20260312.1
      '@typescript/native-preview-linux-arm': 7.0.0-dev.20260312.1
      '@typescript/native-preview-linux-arm64': 7.0.0-dev.20260312.1
      '@typescript/native-preview-linux-x64': 7.0.0-dev.20260312.1
      '@typescript/native-preview-win32-arm64': 7.0.0-dev.20260312.1
      '@typescript/native-preview-win32-x64': 7.0.0-dev.20260312.1

  godot-fetch@file:..(kysely@0.28.12):
    dependencies:
      kysely: 0.28.12

  kysely@0.28.12: {}

  typescript@5.9.3: {}

  wpt-compliance@1.0.3: {}
